
Microsoft Visual Studio Solution File, Format Version 12.00
# Visual Studio Version 17
VisualStudioVersion = 17.9.34728.123
MinimumVisualStudioVersion = 10.0.40219.1
Project("{FAE04EC0-301F-11D3-BF4B-00C04F79EFBC}") = "MVCObserverPattern", "MVCObserverPattern\MVCObserverPattern.csproj", "{898E64B1-0068-4E0F-92FF-2FA00F49771B}"
EndProject
Global
	GlobalSection(SolutionConfigurationPlatforms) = preSolution
		Debug|Any CPU = Debug|Any CPU
		Release|Any CPU = Release|Any CPU
	EndGlobalSection
	GlobalSection(ProjectConfigurationPlatforms) = postSolution
		{898E64B1-0068-4E0F-92FF-2FA00F49771B}.Debug|Any CPU.ActiveCfg = Debug|Any CPU
		{898E64B1-0068-4E0F-92FF-2FA00F49771B}.Debug|Any CPU.Build.0 = Debug|Any CPU
		{898E64B1-0068-4E0F-92FF-2FA00F49771B}.Release|Any CPU.ActiveCfg = Release|Any CPU
		{898E64B1-0068-4E0F-92FF-2FA00F49771B}.Release|Any CPU.Build.0 = Release|Any CPU
	EndGlobalSection
	GlobalSection(SolutionProperties) = preSolution
		HideSolutionNode = FALSE
	EndGlobalSection
	GlobalSection(ExtensibilityGlobals) = postSolution
		SolutionGuid = {A14F9795-2898-4005-A872-C78E701256CA}
	EndGlobalSection
EndGlobal
